
Microsoft Visual Studio Solution File, Format Version 12.00
# Visual Studio 15
VisualStudioVersion = 15.0.26730.12
MinimumVisualStudioVersion = 10.0.40219.1
Project("{FAE04EC0-301F-11D3-BF4B-00C04F79EFBC}") = "Fishing", "Fishing\Fishing.csproj", "{D3E97880-A287-4D86-A6E6-5B84E2370966}"
EndProject
Global
	GlobalSection(SolutionConfigurationPlatforms) = preSolution
		Debug|Any CPU = Debug|Any CPU
		Release|Any CPU = Release|Any CPU
	EndGlobalSection
	GlobalSection(ProjectConfigurationPlatforms) = postSolution
		{D3E97880-A287-4D86-A6E6-5B84E2370966}.Debug|Any CPU.ActiveCfg = Debug|Any CPU
		{D3E97880-A287-4D86-A6E6-5B84E2370966}.Debug|Any CPU.Build.0 = Debug|Any CPU
		{D3E97880-A287-4D86-A6E6-5B84E2370966}.Release|Any CPU.ActiveCfg = Release|Any CPU
		{D3E97880-A287-4D86-A6E6-5B84E2370966}.Release|Any CPU.Build.0 = Release|Any CPU
	EndGlobalSection
	GlobalSection(SolutionProperties) = preSolution
		HideSolutionNode = FALSE
	EndGlobalSection
	GlobalSection(ExtensibilityGlobals) = postSolution
		SolutionGuid = {FCEED402-A78F-4EF9-9887-CADCB1F01682}
	EndGlobalSection
EndGlobal
